
Microsoft Visual Studio Solution File, Format Version 12.00
# Visual Studio Version 17
VisualStudioVersion = 17.13.35825.156 d17.13
MinimumVisualStudioVersion = 10.0.40219.1
Project("{FAE04EC0-301F-11D3-BF4B-00C04F79EFBC}") = "PersonalFinanceManagement", "PersonalFinanceManagement\PersonalFinanceManagement.csproj", "{BDD84F20-30CC-4A10-85EE-1580E88A0F0D}"
EndProject
Global
	GlobalSection(SolutionConfigurationPlatforms) = preSolution
		Debug|Any CPU = Debug|Any CPU
		Release|Any CPU = Release|Any CPU
	EndGlobalSection
	GlobalSection(ProjectConfigurationPlatforms) = postSolution
		{BDD84F20-30CC-4A10-85EE-1580E88A0F0D}.Debug|Any CPU.ActiveCfg = Debug|Any CPU
		{BDD84F20-30CC-4A10-85EE-1580E88A0F0D}.Debug|Any CPU.Build.0 = Debug|Any CPU
		{BDD84F20-30CC-4A10-85EE-1580E88A0F0D}.Release|Any CPU.ActiveCfg = Release|Any CPU
		{BDD84F20-30CC-4A10-85EE-1580E88A0F0D}.Release|Any CPU.Build.0 = Release|Any CPU
	EndGlobalSection
	GlobalSection(SolutionProperties) = preSolution
		HideSolutionNode = FALSE
	EndGlobalSection
	GlobalSection(ExtensibilityGlobals) = postSolution
		SolutionGuid = {4D89360A-4871-45E9-9EF2-F1E8C2CE788A}
	EndGlobalSection
EndGlobal
